
Microsoft Visual Studio Solution File, Format Version 12.00
# Visual Studio Version 17
VisualStudioVersion = 17.13.35931.197
MinimumVisualStudioVersion = 10.0.40219.1
Project("{FAE04EC0-301F-11D3-BF4B-00C04F79EFBC}") = "RevitApplication", "RevitApplication\RevitApplication.csproj", "{56051F04-03C2-4826-B71C-D26F72FF5D82}"
EndProject
Global
	GlobalSection(SolutionConfigurationPlatforms) = preSolution
		Debug|Any CPU = Debug|Any CPU
		Release|Any CPU = Release|Any CPU
	EndGlobalSection
	GlobalSection(ProjectConfigurationPlatforms) = postSolution
		{56051F04-03C2-4826-B71C-D26F72FF5D82}.Debug|Any CPU.ActiveCfg = Debug|Any CPU
		{56051F04-03C2-4826-B71C-D26F72FF5D82}.Debug|Any CPU.Build.0 = Debug|Any CPU
		{56051F04-03C2-4826-B71C-D26F72FF5D82}.Release|Any CPU.ActiveCfg = Release|Any CPU
		{56051F04-03C2-4826-B71C-D26F72FF5D82}.Release|Any CPU.Build.0 = Release|Any CPU
	EndGlobalSection
	GlobalSection(SolutionProperties) = preSolution
		HideSolutionNode = FALSE
	EndGlobalSection
	GlobalSection(ExtensibilityGlobals) = postSolution
		SolutionGuid = {1942F0D2-DDF5-4DCE-9329-73ED57A6890C}
	EndGlobalSection
EndGlobal
